
Microsoft Visual Studio Solution File, Format Version 12.00
# Visual Studio Version 17
VisualStudioVersion = 17.4.33006.217
MinimumVisualStudioVersion = 10.0.40219.1
Project("{2150E333-8FDC-42A3-9474-1A3956D46DE8}") = "src", "src", "{FD21254F-3FF5-462C-881A-FB7C867F9487}"
EndProject
Project("{2150E333-8FDC-42A3-9474-1A3956D46DE8}") = "tests", "tests", "{10C41CF3-0B07-42A6-8F50-9807358B3D2B}"
EndProject
Project("{FAE04EC0-301F-11D3-BF4B-00C04F79EFBC}") = "Shared", "src\Shared\Shared.csproj", "{A6119ADC-DBE6-42B4-81E0-931A41E6ABD2}"
EndProject
Project("{FAE04EC0-301F-11D3-BF4B-00C04F79EFBC}") = "Server", "src\Server\Server.csproj", "{5EEB7C92-BBD4-4337-A586-460D074CD4A1}"
EndProject
Project("{FAE04EC0-301F-11D3-BF4B-00C04F79EFBC}") = "Client", "src\Client\Client.csproj", "{0B6EC53D-2F00-414D-A8C8-59D20F4B3995}"
EndProject
Global
	GlobalSection(SolutionConfigurationPlatforms) = preSolution
		Debug|Any CPU = Debug|Any CPU
		Release|Any CPU = Release|Any CPU
	EndGlobalSection
	GlobalSection(ProjectConfigurationPlatforms) = postSolution
		{A6119ADC-DBE6-42B4-81E0-931A41E6ABD2}.Debug|Any CPU.ActiveCfg = Debug|Any CPU
		{A6119ADC-DBE6-42B4-81E0-931A41E6ABD2}.Debug|Any CPU.Build.0 = Debug|Any CPU
		{A6119ADC-DBE6-42B4-81E0-931A41E6ABD2}.Release|Any CPU.ActiveCfg = Release|Any CPU
		{A6119ADC-DBE6-42B4-81E0-931A41E6ABD2}.Release|Any CPU.Build.0 = Release|Any CPU
		{5EEB7C92-BBD4-4337-A586-460D074CD4A1}.Debug|Any CPU.ActiveCfg = Debug|Any CPU
		{5EEB7C92-BBD4-4337-A586-460D074CD4A1}.Debug|Any CPU.Build.0 = Debug|Any CPU
		{5EEB7C92-BBD4-4337-A586-460D074CD4A1}.Release|Any CPU.ActiveCfg = Release|Any CPU
		{5EEB7C92-BBD4-4337-A586-460D074CD4A1}.Release|Any CPU.Build.0 = Release|Any CPU
		{0B6EC53D-2F00-414D-A8C8-59D20F4B3995}.Debug|Any CPU.ActiveCfg = Debug|Any CPU
		{0B6EC53D-2F00-414D-A8C8-59D20F4B3995}.Debug|Any CPU.Build.0 = Debug|Any CPU
		{0B6EC53D-2F00-414D-A8C8-59D20F4B3995}.Release|Any CPU.ActiveCfg = Release|Any CPU
		{0B6EC53D-2F00-414D-A8C8-59D20F4B3995}.Release|Any CPU.Build.0 = Release|Any CPU
	EndGlobalSection
	GlobalSection(SolutionProperties) = preSolution
		HideSolutionNode = FALSE
	EndGlobalSection
	GlobalSection(NestedProjects) = preSolution
		{A6119ADC-DBE6-42B4-81E0-931A41E6ABD2} = {FD21254F-3FF5-462C-881A-FB7C867F9487}
		{5EEB7C92-BBD4-4337-A586-460D074CD4A1} = {FD21254F-3FF5-462C-881A-FB7C867F9487}
		{0B6EC53D-2F00-414D-A8C8-59D20F4B3995} = {FD21254F-3FF5-462C-881A-FB7C867F9487}
	EndGlobalSection
	GlobalSection(ExtensibilityGlobals) = postSolution
		SolutionGuid = {43035801-A661-49BF-9416-2FF09048C475}
	EndGlobalSection
EndGlobal
