
Microsoft Visual Studio Solution File, Format Version 12.00
# Visual Studio Version 17
VisualStudioVersion = 17.4.33006.217
MinimumVisualStudioVersion = 10.0.40219.1
Project("{2150E333-8FDC-42A3-9474-1A3956D46DE8}") = "src", "src", "{FD21254F-3FF5-462C-881A-FB7C867F9487}"
EndProject
Project("{2150E333-8FDC-42A3-9474-1A3956D46DE8}") = "tests", "tests", "{10C41CF3-0B07-42A6-8F50-9807358B3D2B}"
EndProject
Project("{9A19103F-16F7-4668-BE54-9A1E7A4F7556}") = "Server", "src\Server\Server.csproj", "{B462A46C-357A-435A-B9AF-733E3ABDCEEA}"
EndProject
Project("{9A19103F-16F7-4668-BE54-9A1E7A4F7556}") = "Client", "src\Client\Client.csproj", "{C5846868-1A76-4401-A571-E2A99A1E1B44}"
EndProject
Project("{9A19103F-16F7-4668-BE54-9A1E7A4F7556}") = "Shared", "src\Shared\Shared.csproj", "{B0FF4B21-F1B5-4886-933F-F3E554E35695}"
EndProject
Project("{FAE04EC0-301F-11D3-BF4B-00C04F79EFBC}") = "Console", "src\Console\Console.csproj", "{4B4A47C9-6E8B-46FD-ACBE-3B94B0675D8D}"
EndProject
Global
	GlobalSection(SolutionConfigurationPlatforms) = preSolution
		Debug|Any CPU = Debug|Any CPU
		Release|Any CPU = Release|Any CPU
	EndGlobalSection
	GlobalSection(ProjectConfigurationPlatforms) = postSolution
		{B462A46C-357A-435A-B9AF-733E3ABDCEEA}.Debug|Any CPU.ActiveCfg = Debug|Any CPU
		{B462A46C-357A-435A-B9AF-733E3ABDCEEA}.Debug|Any CPU.Build.0 = Debug|Any CPU
		{B462A46C-357A-435A-B9AF-733E3ABDCEEA}.Release|Any CPU.ActiveCfg = Release|Any CPU
		{B462A46C-357A-435A-B9AF-733E3ABDCEEA}.Release|Any CPU.Build.0 = Release|Any CPU
		{C5846868-1A76-4401-A571-E2A99A1E1B44}.Debug|Any CPU.ActiveCfg = Debug|Any CPU
		{C5846868-1A76-4401-A571-E2A99A1E1B44}.Debug|Any CPU.Build.0 = Debug|Any CPU
		{C5846868-1A76-4401-A571-E2A99A1E1B44}.Release|Any CPU.ActiveCfg = Release|Any CPU
		{C5846868-1A76-4401-A571-E2A99A1E1B44}.Release|Any CPU.Build.0 = Release|Any CPU
		{B0FF4B21-F1B5-4886-933F-F3E554E35695}.Debug|Any CPU.ActiveCfg = Debug|Any CPU
		{B0FF4B21-F1B5-4886-933F-F3E554E35695}.Debug|Any CPU.Build.0 = Debug|Any CPU
		{B0FF4B21-F1B5-4886-933F-F3E554E35695}.Release|Any CPU.ActiveCfg = Release|Any CPU
		{B0FF4B21-F1B5-4886-933F-F3E554E35695}.Release|Any CPU.Build.0 = Release|Any CPU
		{4B4A47C9-6E8B-46FD-ACBE-3B94B0675D8D}.Debug|Any CPU.ActiveCfg = Debug|Any CPU
		{4B4A47C9-6E8B-46FD-ACBE-3B94B0675D8D}.Debug|Any CPU.Build.0 = Debug|Any CPU
		{4B4A47C9-6E8B-46FD-ACBE-3B94B0675D8D}.Release|Any CPU.ActiveCfg = Release|Any CPU
		{4B4A47C9-6E8B-46FD-ACBE-3B94B0675D8D}.Release|Any CPU.Build.0 = Release|Any CPU
	EndGlobalSection
	GlobalSection(SolutionProperties) = preSolution
		HideSolutionNode = FALSE
	EndGlobalSection
	GlobalSection(NestedProjects) = preSolution
		{B462A46C-357A-435A-B9AF-733E3ABDCEEA} = {FD21254F-3FF5-462C-881A-FB7C867F9487}
		{C5846868-1A76-4401-A571-E2A99A1E1B44} = {FD21254F-3FF5-462C-881A-FB7C867F9487}
		{B0FF4B21-F1B5-4886-933F-F3E554E35695} = {FD21254F-3FF5-462C-881A-FB7C867F9487}
		{4B4A47C9-6E8B-46FD-ACBE-3B94B0675D8D} = {FD21254F-3FF5-462C-881A-FB7C867F9487}
	EndGlobalSection
	GlobalSection(ExtensibilityGlobals) = postSolution
		SolutionGuid = {43035801-A661-49BF-9416-2FF09048C475}
	EndGlobalSection
EndGlobal
